// !$*UTF8*$!
{
	archiveVersion = 1;
	classes = {
	};
	objectVersion = 46;
	objects = {

/* Begin PBXBuildFile section */
		260CD8DC1C5B5D200073DE42 /* main.m in Sources */ = {isa = PBXBuildFile; fileRef = 260CD8DB1C5B5D200073DE42 /* main.m */; };
		260CD8DF1C5B5D200073DE42 /* AppDelegate.m in Sources */ = {isa = PBXBuildFile; fileRef = 260CD8DE1C5B5D200073DE42 /* AppDelegate.m */; };
		260CD8E21C5B5D200073DE42 /* ViewController.m in Sources */ = {isa = PBXBuildFile; fileRef = 260CD8E11C5B5D200073DE42 /* ViewController.m */; };
		260CD8E51C5B5D200073DE42 /* Main.storyboard in Resources */ = {isa = PBXBuildFile; fileRef = 260CD8E31C5B5D200073DE42 /* Main.storyboard */; };
		260CD8E71C5B5D200073DE42 /* Assets.xcassets in Resources */ = {isa = PBXBuildFile; fileRef = 260CD8E61C5B5D200073DE42 /* Assets.xcassets */; };
		260CD8EA1C5B5D200073DE42 /* LaunchScreen.storyboard in Resources */ = {isa = PBXBuildFile; fileRef = 260CD8E81C5B5D200073DE42 /* LaunchScreen.storyboard */; };
		260CD8F51C5B5D210073DE42 /* RuntimeDemoTests.m in Sources */ = {isa = PBXBuildFile; fileRef = 260CD8F41C5B5D210073DE42 /* RuntimeDemoTests.m */; };
		260CD9001C5B5D210073DE42 /* RuntimeDemoUITests.m in Sources */ = {isa = PBXBuildFile; fileRef = 260CD8FF1C5B5D210073DE42 /* RuntimeDemoUITests.m */; };
		260CD9201C5B5E120073DE42 /* NSObject+Swizzling.m in Sources */ = {isa = PBXBuildFile; fileRef = 260CD91F1C5B5E120073DE42 /* NSObject+Swizzling.m */; };
		260CD9231C5B5E200073DE42 /* NSArray+Swizzling.m in Sources */ = {isa = PBXBuildFile; fileRef = 260CD9221C5B5E200073DE42 /* NSArray+Swizzling.m */; };
		260CD9261C5B5E2B0073DE42 /* NSMutableArray+Swizzling.m in Sources */ = {isa = PBXBuildFile; fileRef = 260CD9251C5B5E2B0073DE42 /* NSMutableArray+Swizzling.m */; };
		260CD9291C5B5F790073DE42 /* NSDictionary+Swizzling.m in Sources */ = {isa = PBXBuildFile; fileRef = 260CD9281C5B5F790073DE42 /* NSDictionary+Swizzling.m */; };
		260CD92C1C5B5F850073DE42 /* NSMutableDictionary+Swizzeling.m in Sources */ = {isa = PBXBuildFile; fileRef = 260CD92B1C5B5F850073DE42 /* NSMutableDictionary+Swizzeling.m */; };
		26B680731C5F38DA00A68269 /* Cat.m in Sources */ = {isa = PBXBuildFile; fileRef = 26B680721C5F38DA00A68269 /* Cat.m */; };
		26B680761C5F393200A68269 /* Dog.m in Sources */ = {isa = PBXBuildFile; fileRef = 26B680751C5F393200A68269 /* Dog.m */; };
		26B680791C5F393E00A68269 /* Pig.m in Sources */ = {isa = PBXBuildFile; fileRef = 26B680781C5F393E00A68269 /* Pig.m */; };
/* End PBXBuildFile section */

/* Begin PBXContainerItemProxy section */
		260CD8F11C5B5D210073DE42 /* PBXContainerItemProxy */ = {
			isa = PBXContainerItemProxy;
			containerPortal = 260CD8CF1C5B5D200073DE42 /* Project object */;
			proxyType = 1;
			remoteGlobalIDString = 260CD8D61C5B5D200073DE42;
			remoteInfo = RuntimeDemo;
		};
		260CD8FC1C5B5D210073DE42 /* PBXContainerItemProxy */ = {
			isa = PBXContainerItemProxy;
			containerPortal = 260CD8CF1C5B5D200073DE42 /* Project object */;
			proxyType = 1;
			remoteGlobalIDString = 260CD8D61C5B5D200073DE42;
			remoteInfo = RuntimeDemo;
		};
/* End PBXContainerItemProxy section */

/* Begin PBXFileReference section */
		260CD8D71C5B5D200073DE42 /* RuntimeDemo.app */ = {isa = PBXFileReference; explicitFileType = wrapper.application; includeInIndex = 0; path = RuntimeDemo.app; sourceTree = BUILT_PRODUCTS_DIR; };
		260CD8DB1C5B5D200073DE42 /* main.m */ = {isa = PBXFileReference; lastKnownFileType = sourcecode.c.objc; path = main.m; sourceTree = "<group>"; };
		260CD8DD1C5B5D200073DE42 /* AppDelegate.h */ = {isa = PBXFileReference; lastKnownFileType = sourcecode.c.h; path = AppDelegate.h; sourceTree = "<group>"; };
		260CD8DE1C5B5D200073DE42 /* AppDelegate.m */ = {isa = PBXFileReference; lastKnownFileType = sourcecode.c.objc; path = AppDelegate.m; sourceTree = "<group>"; };
		260CD8E01C5B5D200073DE42 /* ViewController.h */ = {isa = PBXFileReference; lastKnownFileType = sourcecode.c.h; path = ViewController.h; sourceTree = "<group>"; };
		260CD8E11C5B5D200073DE42 /* ViewController.m */ = {isa = PBXFileReference; lastKnownFileType = sourcecode.c.objc; path = ViewController.m; sourceTree = "<group>"; };
		260CD8E41C5B5D200073DE42 /* Base */ = {isa = PBXFileReference; lastKnownFileType = file.storyboard; name = Base; path = Base.lproj/Main.storyboard; sourceTree = "<group>"; };
		260CD8E61C5B5D200073DE42 /* Assets.xcassets */ = {isa = PBXFileReference; lastKnownFileType = folder.assetcatalog; path = Assets.xcassets; sourceTree = "<group>"; };
		260CD8E91C5B5D200073DE42 /* Base */ = {isa = PBXFileReference; lastKnownFileType = file.storyboard; name = Base; path = Base.lproj/LaunchScreen.storyboard; sourceTree = "<group>"; };
		260CD8EB1C5B5D200073DE42 /* Info.plist */ = {isa = PBXFileReference; lastKnownFileType = text.plist.xml; path = Info.plist; sourceTree = "<group>"; };
		260CD8F01C5B5D210073DE42 /* RuntimeDemoTests.xctest */ = {isa = PBXFileReference; explicitFileType = wrapper.cfbundle; includeInIndex = 0; path = RuntimeDemoTests.xctest; sourceTree = BUILT_PRODUCTS_DIR; };
		260CD8F41C5B5D210073DE42 /* RuntimeDemoTests.m */ = {isa = PBXFileReference; lastKnownFileType = sourcecode.c.objc; path = RuntimeDemoTests.m; sourceTree = "<group>"; };
		260CD8F61C5B5D210073DE42 /* Info.plist */ = {isa = PBXFileReference; lastKnownFileType = text.plist.xml; path = Info.plist; sourceTree = "<group>"; };
		260CD8FB1C5B5D210073DE42 /* RuntimeDemoUITests.xctest */ = {isa = PBXFileReference; explicitFileType = wrapper.cfbundle; includeInIndex = 0; path = RuntimeDemoUITests.xctest; sourceTree = BUILT_PRODUCTS_DIR; };
		260CD8FF1C5B5D210073DE42 /* RuntimeDemoUITests.m */ = {isa = PBXFileReference; lastKnownFileType = sourcecode.c.objc; path = RuntimeDemoUITests.m; sourceTree = "<group>"; };
		260CD9011C5B5D210073DE42 /* Info.plist */ = {isa = PBXFileReference; lastKnownFileType = text.plist.xml; path = Info.plist; sourceTree = "<group>"; };
		260CD91D1C5B5DAC0073DE42 /* RuntimeDemo.pch */ = {isa = PBXFileReference; lastKnownFileType = sourcecode.c.h; path = RuntimeDemo.pch; sourceTree = "<group>"; };
		260CD91E1C5B5E120073DE42 /* NSObject+Swizzling.h */ = {isa = PBXFileReference; fileEncoding = 4; lastKnownFileType = sourcecode.c.h; path = "NSObject+Swizzling.h"; sourceTree = "<group>"; };
		260CD91F1C5B5E120073DE42 /* NSObject+Swizzling.m */ = {isa = PBXFileReference; fileEncoding = 4; lastKnownFileType = sourcecode.c.objc; path = "NSObject+Swizzling.m"; sourceTree = "<group>"; };
		260CD9211C5B5E200073DE42 /* NSArray+Swizzling.h */ = {isa = PBXFileReference; fileEncoding = 4; lastKnownFileType = sourcecode.c.h; path = "NSArray+Swizzling.h"; sourceTree = "<group>"; };
		260CD9221C5B5E200073DE42 /* NSArray+Swizzling.m */ = {isa = PBXFileReference; fileEncoding = 4; lastKnownFileType = sourcecode.c.objc; path = "NSArray+Swizzling.m"; sourceTree = "<group>"; };
		260CD9241C5B5E2B0073DE42 /* NSMutableArray+Swizzling.h */ = {isa = PBXFileReference; fileEncoding = 4; lastKnownFileType = sourcecode.c.h; path = "NSMutableArray+Swizzling.h"; sourceTree = "<group>"; };
		260CD9251C5B5E2B0073DE42 /* NSMutableArray+Swizzling.m */ = {isa = PBXFileReference; fileEncoding = 4; lastKnownFileType = sourcecode.c.objc; path = "NSMutableArray+Swizzling.m"; sourceTree = "<group>"; };
		260CD9271C5B5F790073DE42 /* NSDictionary+Swizzling.h */ = {isa = PBXFileReference; fileEncoding = 4; lastKnownFileType = sourcecode.c.h; path = "NSDictionary+Swizzling.h"; sourceTree = "<group>"; };
		260CD9281C5B5F790073DE42 /* NSDictionary+Swizzling.m */ = {isa = PBXFileReference; fileEncoding = 4; lastKnownFileType = sourcecode.c.objc; path = "NSDictionary+Swizzling.m"; sourceTree = "<group>"; };
		260CD92A1C5B5F850073DE42 /* NSMutableDictionary+Swizzeling.h */ = {isa = PBXFileReference; fileEncoding = 4; lastKnownFileType = sourcecode.c.h; path = "NSMutableDictionary+Swizzeling.h"; sourceTree = "<group>"; };
		260CD92B1C5B5F850073DE42 /* NSMutableDictionary+Swizzeling.m */ = {isa = PBXFileReference; fileEncoding = 4; lastKnownFileType = sourcecode.c.objc; path = "NSMutableDictionary+Swizzeling.m"; sourceTree = "<group>"; };
		26B680711C5F38DA00A68269 /* Cat.h */ = {isa = PBXFileReference; fileEncoding = 4; lastKnownFileType = sourcecode.c.h; path = Cat.h; sourceTree = "<group>"; };
		26B680721C5F38DA00A68269 /* Cat.m */ = {isa = PBXFileReference; fileEncoding = 4; lastKnownFileType = sourcecode.c.objc; path = Cat.m; sourceTree = "<group>"; };
		26B680741C5F393200A68269 /* Dog.h */ = {isa = PBXFileReference; fileEncoding = 4; lastKnownFileType = sourcecode.c.h; path = Dog.h; sourceTree = "<group>"; };
		26B680751C5F393200A68269 /* Dog.m */ = {isa = PBXFileReference; fileEncoding = 4; lastKnownFileType = sourcecode.c.objc; path = Dog.m; sourceTree = "<group>"; };
		26B680771C5F393E00A68269 /* Pig.h */ = {isa = PBXFileReference; fileEncoding = 4; lastKnownFileType = sourcecode.c.h; path = Pig.h; sourceTree = "<group>"; };
		26B680781C5F393E00A68269 /* Pig.m */ = {isa = PBXFileReference; fileEncoding = 4; lastKnownFileType = sourcecode.c.objc; path = Pig.m; sourceTree = "<group>"; };
/* End PBXFileReference section */

/* Begin PBXFrameworksBuildPhase section */
		260CD8D41C5B5D200073DE42 /* Frameworks */ = {
			isa = PBXFrameworksBuildPhase;
			buildActionMask = 2147483647;
			files = (
			);
			runOnlyForDeploymentPostprocessing = 0;
		};
		260CD8ED1C5B5D210073DE42 /* Frameworks */ = {
			isa = PBXFrameworksBuildPhase;
			buildActionMask = 2147483647;
			files = (
			);
			runOnlyForDeploymentPostprocessing = 0;
		};
		260CD8F81C5B5D210073DE42 /* Frameworks */ = {
			isa = PBXFrameworksBuildPhase;
			buildActionMask = 2147483647;
			files = (
			);
			runOnlyForDeploymentPostprocessing = 0;
		};
/* End PBXFrameworksBuildPhase section */

/* Begin PBXGroup section */
		260CD8CE1C5B5D1F0073DE42 = {
			isa = PBXGroup;
			children = (
				260CD8D91C5B5D200073DE42 /* RuntimeDemo */,
				260CD8F31C5B5D210073DE42 /* RuntimeDemoTests */,
				260CD8FE1C5B5D210073DE42 /* RuntimeDemoUITests */,
				260CD8D81C5B5D200073DE42 /* Products */,
			);
			sourceTree = "<group>";
		};
		260CD8D81C5B5D200073DE42 /* Products */ = {
			isa = PBXGroup;
			children = (
				260CD8D71C5B5D200073DE42 /* RuntimeDemo.app */,
				260CD8F01C5B5D210073DE42 /* RuntimeDemoTests.xctest */,
				260CD8FB1C5B5D210073DE42 /* RuntimeDemoUITests.xctest */,
			);
			name = Products;
			sourceTree = "<group>";
		};
		260CD8D91C5B5D200073DE42 /* RuntimeDemo */ = {
			isa = PBXGroup;
			children = (
				260CD92D1C5B5FE40073DE42 /* ForwardMessage */,
				260CD90D1C5B5D950073DE42 /* Method Swizzle */,
				260CD8DD1C5B5D200073DE42 /* AppDelegate.h */,
				260CD8DE1C5B5D200073DE42 /* AppDelegate.m */,
				260CD8E01C5B5D200073DE42 /* ViewController.h */,
				260CD8E11C5B5D200073DE42 /* ViewController.m */,
				260CD8E31C5B5D200073DE42 /* Main.storyboard */,
				260CD8E61C5B5D200073DE42 /* Assets.xcassets */,
				260CD8E81C5B5D200073DE42 /* LaunchScreen.storyboard */,
				260CD8EB1C5B5D200073DE42 /* Info.plist */,
				260CD8DA1C5B5D200073DE42 /* Supporting Files */,
			);
			path = RuntimeDemo;
			sourceTree = "<group>";
		};
		260CD8DA1C5B5D200073DE42 /* Supporting Files */ = {
			isa = PBXGroup;
			children = (
				260CD91D1C5B5DAC0073DE42 /* RuntimeDemo.pch */,
				260CD8DB1C5B5D200073DE42 /* main.m */,
			);
			name = "Supporting Files";
			sourceTree = "<group>";
		};
		260CD8F31C5B5D210073DE42 /* RuntimeDemoTests */ = {
			isa = PBXGroup;
			children = (
				260CD8F41C5B5D210073DE42 /* RuntimeDemoTests.m */,
				260CD8F61C5B5D210073DE42 /* Info.plist */,
			);
			path = RuntimeDemoTests;
			sourceTree = "<group>";
		};
		260CD8FE1C5B5D210073DE42 /* RuntimeDemoUITests */ = {
			isa = PBXGroup;
			children = (
				260CD8FF1C5B5D210073DE42 /* RuntimeDemoUITests.m */,
				260CD9011C5B5D210073DE42 /* Info.plist */,
			);
			path = RuntimeDemoUITests;
			sourceTree = "<group>";
		};
		260CD90D1C5B5D950073DE42 /* Method Swizzle */ = {
			isa = PBXGroup;
			children = (
				260CD91E1C5B5E120073DE42 /* NSObject+Swizzling.h */,
				260CD91F1C5B5E120073DE42 /* NSObject+Swizzling.m */,
				260CD9211C5B5E200073DE42 /* NSArray+Swizzling.h */,
				260CD9221C5B5E200073DE42 /* NSArray+Swizzling.m */,
				260CD9241C5B5E2B0073DE42 /* NSMutableArray+Swizzling.h */,
				260CD9251C5B5E2B0073DE42 /* NSMutableArray+Swizzling.m */,
				260CD9271C5B5F790073DE42 /* NSDictionary+Swizzling.h */,
				260CD9281C5B5F790073DE42 /* NSDictionary+Swizzling.m */,
				260CD92A1C5B5F850073DE42 /* NSMutableDictionary+Swizzeling.h */,
				260CD92B1C5B5F850073DE42 /* NSMutableDictionary+Swizzeling.m */,
			);
			name = "Method Swizzle";
			sourceTree = "<group>";
		};
		260CD92D1C5B5FE40073DE42 /* ForwardMessage */ = {
			isa = PBXGroup;
			children = (
				26B680711C5F38DA00A68269 /* Cat.h */,
				26B680721C5F38DA00A68269 /* Cat.m */,
				26B680741C5F393200A68269 /* Dog.h */,
				26B680751C5F393200A68269 /* Dog.m */,
				26B680771C5F393E00A68269 /* Pig.h */,
				26B680781C5F393E00A68269 /* Pig.m */,
			);
			name = ForwardMessage;
			sourceTree = "<group>";
		};
/* End PBXGroup section */

/* Begin PBXNativeTarget section */
		260CD8D61C5B5D200073DE42 /* RuntimeDemo */ = {
			isa = PBXNativeTarget;
			buildConfigurationList = 260CD9041C5B5D210073DE42 /* Build configuration list for PBXNativeTarget "RuntimeDemo" */;
			buildPhases = (
				260CD8D31C5B5D200073DE42 /* Sources */,
				260CD8D41C5B5D200073DE42 /* Frameworks */,
				260CD8D51C5B5D200073DE42 /* Resources */,
			);
			buildRules = (
			);
			dependencies = (
			);
			name = RuntimeDemo;
			productName = RuntimeDemo;
			productReference = 260CD8D71C5B5D200073DE42 /* RuntimeDemo.app */;
			productType = "com.apple.product-type.application";
		};
		260CD8EF1C5B5D210073DE42 /* RuntimeDemoTests */ = {
			isa = PBXNativeTarget;
			buildConfigurationList = 260CD9071C5B5D210073DE42 /* Build configuration list for PBXNativeTarget "RuntimeDemoTests" */;
			buildPhases = (
				260CD8EC1C5B5D210073DE42 /* Sources */,
				260CD8ED1C5B5D210073DE42 /* Frameworks */,
				260CD8EE1C5B5D210073DE42 /* Resources */,
			);
			buildRules = (
			);
			dependencies = (
				260CD8F21C5B5D210073DE42 /* PBXTargetDependency */,
			);
			name = RuntimeDemoTests;
			productName = RuntimeDemoTests;
			productReference = 260CD8F01C5B5D210073DE42 /* RuntimeDemoTests.xctest */;
			productType = "com.apple.product-type.bundle.unit-test";
		};
		260CD8FA1C5B5D210073DE42 /* RuntimeDemoUITests */ = {
			isa = PBXNativeTarget;
			buildConfigurationList = 260CD90A1C5B5D210073DE42 /* Build configuration list for PBXNativeTarget "RuntimeDemoUITests" */;
			buildPhases = (
				260CD8F71C5B5D210073DE42 /* Sources */,
				260CD8F81C5B5D210073DE42 /* Frameworks */,
				260CD8F91C5B5D210073DE42 /* Resources */,
			);
			buildRules = (
			);
			dependencies = (
				260CD8FD1C5B5D210073DE42 /* PBXTargetDependency */,
			);
			name = RuntimeDemoUITests;
			productName = RuntimeDemoUITests;
			productReference = 260CD8FB1C5B5D210073DE42 /* RuntimeDemoUITests.xctest */;
			productType = "com.apple.product-type.bundle.ui-testing";
		};
/* End PBXNativeTarget section */

/* Begin PBXProject section */
		260CD8CF1C5B5D200073DE42 /* Project object */ = {
			isa = PBXProject;
			attributes = {
				LastUpgradeCheck = 0720;
				ORGANIZATIONNAME = yyj;
				TargetAttributes = {
					260CD8D61C5B5D200073DE42 = {
						CreatedOnToolsVersion = 7.2;
					};
					260CD8EF1C5B5D210073DE42 = {
						CreatedOnToolsVersion = 7.2;
						TestTargetID = 260CD8D61C5B5D200073DE42;
					};
					260CD8FA1C5B5D210073DE42 = {
						CreatedOnToolsVersion = 7.2;
						TestTargetID = 260CD8D61C5B5D200073DE42;
					};
				};
			};
			buildConfigurationList = 260CD8D21C5B5D200073DE42 /* Build configuration list for PBXProject "RuntimeDemo" */;
			compatibilityVersion = "Xcode 3.2";
			developmentRegion = English;
			hasScannedForEncodings = 0;
			knownRegions = (
				en,
				Base,
			);
			mainGroup = 260CD8CE1C5B5D1F0073DE42;
			productRefGroup = 260CD8D81C5B5D200073DE42 /* Products */;
			projectDirPath = "";
			projectRoot = "";
			targets = (
				260CD8D61C5B5D200073DE42 /* RuntimeDemo */,
				260CD8EF1C5B5D210073DE42 /* RuntimeDemoTests */,
				260CD8FA1C5B5D210073DE42 /* RuntimeDemoUITests */,
			);
		};
/* End PBXProject section */

/* Begin PBXResourcesBuildPhase section */
		260CD8D51C5B5D200073DE42 /* Resources */ = {
			isa = PBXResourcesBuildPhase;
			buildActionMask = 2147483647;
			files = (
				260CD8EA1C5B5D200073DE42 /* LaunchScreen.storyboard in Resources */,
				260CD8E71C5B5D200073DE42 /* Assets.xcassets in Resources */,
				260CD8E51C5B5D200073DE42 /* Main.storyboard in Resources */,
			);
			runOnlyForDeploymentPostprocessing = 0;
		};
		260CD8EE1C5B5D210073DE42 /* Resources */ = {
			isa = PBXResourcesBuildPhase;
			buildActionMask = 2147483647;
			files = (
			);
			runOnlyForDeploymentPostprocessing = 0;
		};
		260CD8F91C5B5D210073DE42 /* Resources */ = {
			isa = PBXResourcesBuildPhase;
			buildActionMask = 2147483647;
			files = (
			);
			runOnlyForDeploymentPostprocessing = 0;
		};
/* End PBXResourcesBuildPhase section */

/* Begin PBXSourcesBuildPhase section */
		260CD8D31C5B5D200073DE42 /* Sources */ = {
			isa = PBXSourcesBuildPhase;
			buildActionMask = 2147483647;
			files = (
				26B680791C5F393E00A68269 /* Pig.m in Sources */,
				260CD9231C5B5E200073DE42 /* NSArray+Swizzling.m in Sources */,
				260CD8E21C5B5D200073DE42 /* ViewController.m in Sources */,
				26B680761C5F393200A68269 /* Dog.m in Sources */,
				260CD92C1C5B5F850073DE42 /* NSMutableDictionary+Swizzeling.m in Sources */,
				26B680731C5F38DA00A68269 /* Cat.m in Sources */,
				260CD9291C5B5F790073DE42 /* NSDictionary+Swizzling.m in Sources */,
				260CD8DF1C5B5D200073DE42 /* AppDelegate.m in Sources */,
				260CD8DC1C5B5D200073DE42 /* main.m in Sources */,
				260CD9201C5B5E120073DE42 /* NSObject+Swizzling.m in Sources */,
				260CD9261C5B5E2B0073DE42 /* NSMutableArray+Swizzling.m in Sources */,
			);
			runOnlyForDeploymentPostprocessing = 0;
		};
		260CD8EC1C5B5D210073DE42 /* Sources */ = {
			isa = PBXSourcesBuildPhase;
			buildActionMask = 2147483647;
			files = (
				260CD8F51C5B5D210073DE42 /* RuntimeDemoTests.m in Sources */,
			);
			runOnlyForDeploymentPostprocessing = 0;
		};
		260CD8F71C5B5D210073DE42 /* Sources */ = {
			isa = PBXSourcesBuildPhase;
			buildActionMask = 2147483647;
			files = (
				260CD9001C5B5D210073DE42 /* RuntimeDemoUITests.m in Sources */,
			);
			runOnlyForDeploymentPostprocessing = 0;
		};
/* End PBXSourcesBuildPhase section */

/* Begin PBXTargetDependency section */
		260CD8F21C5B5D210073DE42 /* PBXTargetDependency */ = {
			isa = PBXTargetDependency;
			target = 260CD8D61C5B5D200073DE42 /* RuntimeDemo */;
			targetProxy = 260CD8F11C5B5D210073DE42 /* PBXContainerItemProxy */;
		};
		260CD8FD1C5B5D210073DE42 /* PBXTargetDependency */ = {
			isa = PBXTargetDependency;
			target = 260CD8D61C5B5D200073DE42 /* RuntimeDemo */;
			targetProxy = 260CD8FC1C5B5D210073DE42 /* PBXContainerItemProxy */;
		};
/* End PBXTargetDependency section */

/* Begin PBXVariantGroup section */
		260CD8E31C5B5D200073DE42 /* Main.storyboard */ = {
			isa = PBXVariantGroup;
			children = (
				260CD8E41C5B5D200073DE42 /* Base */,
			);
			name = Main.storyboard;
			sourceTree = "<group>";
		};
		260CD8E81C5B5D200073DE42 /* LaunchScreen.storyboard */ = {
			isa = PBXVariantGroup;
			children = (
				260CD8E91C5B5D200073DE42 /* Base */,
			);
			name = LaunchScreen.storyboard;
			sourceTree = "<group>";
		};
/* End PBXVariantGroup section */

/* Begin XCBuildConfiguration section */
		260CD9021C5B5D210073DE42 /* Debug */ = {
			isa = XCBuildConfiguration;
			buildSettings = {
				ALWAYS_SEARCH_USER_PATHS = NO;
				CLANG_CXX_LANGUAGE_STANDARD = "gnu++0x";
				CLANG_CXX_LIBRARY = "libc++";
				CLANG_ENABLE_MODULES = YES;
				CLANG_ENABLE_OBJC_ARC = YES;
				CLANG_WARN_BOOL_CONVERSION = YES;
				CLANG_WARN_CONSTANT_CONVERSION = YES;
				CLANG_WARN_DIRECT_OBJC_ISA_USAGE = YES_ERROR;
				CLANG_WARN_EMPTY_BODY = YES;
				CLANG_WARN_ENUM_CONVERSION = YES;
				CLANG_WARN_INT_CONVERSION = YES;
				CLANG_WARN_OBJC_ROOT_CLASS = YES_ERROR;
				CLANG_WARN_UNREACHABLE_CODE = YES;
				CLANG_WARN__DUPLICATE_METHOD_MATCH = YES;
				"CODE_SIGN_IDENTITY[sdk=iphoneos*]" = "iPhone Developer";
				COPY_PHASE_STRIP = NO;
				DEBUG_INFORMATION_FORMAT = dwarf;
				ENABLE_STRICT_OBJC_MSGSEND = YES;
				ENABLE_TESTABILITY = YES;
				GCC_C_LANGUAGE_STANDARD = gnu99;
				GCC_DYNAMIC_NO_PIC = NO;
				GCC_NO_COMMON_BLOCKS = YES;
				GCC_OPTIMIZATION_LEVEL = 0;
				GCC_PREPROCESSOR_DEFINITIONS = (
					"DEBUG=1",
					"$(inherited)",
				);
				GCC_WARN_64_TO_32_BIT_CONVERSION = YES;
				GCC_WARN_ABOUT_RETURN_TYPE = YES_ERROR;
				GCC_WARN_UNDECLARED_SELECTOR = YES;
				GCC_WARN_UNINITIALIZED_AUTOS = YES_AGGRESSIVE;
				GCC_WARN_UNUSED_FUNCTION = YES;
				GCC_WARN_UNUSED_VARIABLE = YES;
				IPHONEOS_DEPLOYMENT_TARGET = 9.2;
				MTL_ENABLE_DEBUG_INFO = YES;
				ONLY_ACTIVE_ARCH = YES;
				SDKROOT = iphoneos;
			};
			name = Debug;
		};
		260CD9031C5B5D210073DE42 /* Release */ = {
			isa = XCBuildConfiguration;
			buildSettings = {
				ALWAYS_SEARCH_USER_PATHS = NO;
				CLANG_CXX_LANGUAGE_STANDARD = "gnu++0x";
				CLANG_CXX_LIBRARY = "libc++";
				CLANG_ENABLE_MODULES = YES;
				CLANG_ENABLE_OBJC_ARC = YES;
				CLANG_WARN_BOOL_CONVERSION = YES;
				CLANG_WARN_CONSTANT_CONVERSION = YES;
				CLANG_WARN_DIRECT_OBJC_ISA_USAGE = YES_ERROR;
				CLANG_WARN_EMPTY_BODY = YES;
				CLANG_WARN_ENUM_CONVERSION = YES;
				CLANG_WARN_INT_CONVERSION = YES;
				CLANG_WARN_OBJC_ROOT_CLASS = YES_ERROR;
				CLANG_WARN_UNREACHABLE_CODE = YES;
				CLANG_WARN__DUPLICATE_METHOD_MATCH = YES;
				"CODE_SIGN_IDENTITY[sdk=iphoneos*]" = "iPhone Developer";
				COPY_PHASE_STRIP = NO;
				DEBUG_INFORMATION_FORMAT = "dwarf-with-dsym";
				ENABLE_NS_ASSERTIONS = NO;
				ENABLE_STRICT_OBJC_MSGSEND = YES;
				GCC_C_LANGUAGE_STANDARD = gnu99;
				GCC_NO_COMMON_BLOCKS = YES;
				GCC_WARN_64_TO_32_BIT_CONVERSION = YES;
				GCC_WARN_ABOUT_RETURN_TYPE = YES_ERROR;
				GCC_WARN_UNDECLARED_SELECTOR = YES;
				GCC_WARN_UNINITIALIZED_AUTOS = YES_AGGRESSIVE;
				GCC_WARN_UNUSED_FUNCTION = YES;
				GCC_WARN_UNUSED_VARIABLE = YES;
				IPHONEOS_DEPLOYMENT_TARGET = 9.2;
				MTL_ENABLE_DEBUG_INFO = NO;
				SDKROOT = iphoneos;
				VALIDATE_PRODUCT = YES;
			};
			name = Release;
		};
		260CD9051C5B5D210073DE42 /* Debug */ = {
			isa = XCBuildConfiguration;
			buildSettings = {
				ASSETCATALOG_COMPILER_APPICON_NAME = AppIcon;
				GCC_PRECOMPILE_PREFIX_HEADER = YES;
				GCC_PREFIX_HEADER = RuntimeDemo/RuntimeDemo.pch;
				INFOPLIST_FILE = RuntimeDemo/Info.plist;
				LD_RUNPATH_SEARCH_PATHS = "$(inherited) @executable_path/Frameworks";
				PRODUCT_BUNDLE_IDENTIFIER = com.eoopen..RuntimeDemo;
				PRODUCT_NAME = "$(TARGET_NAME)";
			};
			name = Debug;
		};
		260CD9061C5B5D210073DE42 /* Release */ = {
			isa = XCBuildConfiguration;
			buildSettings = {
				ASSETCATALOG_COMPILER_APPICON_NAME = AppIcon;
				GCC_PRECOMPILE_PREFIX_HEADER = YES;
				GCC_PREFIX_HEADER = RuntimeDemo/RuntimeDemo.pch;
				INFOPLIST_FILE = RuntimeDemo/Info.plist;
				LD_RUNPATH_SEARCH_PATHS = "$(inherited) @executable_path/Frameworks";
				PRODUCT_BUNDLE_IDENTIFIER = com.eoopen..RuntimeDemo;
				PRODUCT_NAME = "$(TARGET_NAME)";
			};
			name = Release;
		};
		260CD9081C5B5D210073DE42 /* Debug */ = {
			isa = XCBuildConfiguration;
			buildSettings = {
				BUNDLE_LOADER = "$(TEST_HOST)";
				INFOPLIST_FILE = RuntimeDemoTests/Info.plist;
				LD_RUNPATH_SEARCH_PATHS = "$(inherited) @executable_path/Frameworks @loader_path/Frameworks";
				PRODUCT_BUNDLE_IDENTIFIER = com.eoopen..RuntimeDemoTests;
				PRODUCT_NAME = "$(TARGET_NAME)";
				TEST_HOST = "$(BUILT_PRODUCTS_DIR)/RuntimeDemo.app/RuntimeDemo";
			};
			name = Debug;
		};
		260CD9091C5B5D210073DE42 /* Release */ = {
			isa = XCBuildConfiguration;
			buildSettings = {
				BUNDLE_LOADER = "$(TEST_HOST)";
				INFOPLIST_FILE = RuntimeDemoTests/Info.plist;
				LD_RUNPATH_SEARCH_PATHS = "$(inherited) @executable_path/Frameworks @loader_path/Frameworks";
				PRODUCT_BUNDLE_IDENTIFIER = com.eoopen..RuntimeDemoTests;
				PRODUCT_NAME = "$(TARGET_NAME)";
				TEST_HOST = "$(BUILT_PRODUCTS_DIR)/RuntimeDemo.app/RuntimeDemo";
			};
			name = Release;
		};
		260CD90B1C5B5D210073DE42 /* Debug */ = {
			isa = XCBuildConfiguration;
			buildSettings = {
				INFOPLIST_FILE = RuntimeDemoUITests/Info.plist;
				LD_RUNPATH_SEARCH_PATHS = "$(inherited) @executable_path/Frameworks @loader_path/Frameworks";
				PRODUCT_BUNDLE_IDENTIFIER = com.eoopen..RuntimeDemoUITests;
				PRODUCT_NAME = "$(TARGET_NAME)";
				TEST_TARGET_NAME = RuntimeDemo;
				USES_XCTRUNNER = YES;
			};
			name = Debug;
		};
		260CD90C1C5B5D210073DE42 /* Release */ = {
			isa = XCBuildConfiguration;
			buildSettings = {
				INFOPLIST_FILE = RuntimeDemoUITests/Info.plist;
				LD_RUNPATH_SEARCH_PATHS = "$(inherited) @executable_path/Frameworks @loader_path/Frameworks";
				PRODUCT_BUNDLE_IDENTIFIER = com.eoopen..RuntimeDemoUITests;
				PRODUCT_NAME = "$(TARGET_NAME)";
				TEST_TARGET_NAME = RuntimeDemo;
				USES_XCTRUNNER = YES;
			};
			name = Release;
		};
/* End XCBuildConfiguration section */

/* Begin XCConfigurationList section */
		260CD8D21C5B5D200073DE42 /* Build configuration list for PBXProject "RuntimeDemo" */ = {
			isa = XCConfigurationList;
			buildConfigurations = (
				260CD9021C5B5D210073DE42 /* Debug */,
				260CD9031C5B5D210073DE42 /* Release */,
			);
			defaultConfigurationIsVisible = 0;
			defaultConfigurationName = Release;
		};
		260CD9041C5B5D210073DE42 /* Build configuration list for PBXNativeTarget "RuntimeDemo" */ = {
			isa = XCConfigurationList;
			buildConfigurations = (
				260CD9051C5B5D210073DE42 /* Debug */,
				260CD9061C5B5D210073DE42 /* Release */,
			);
			defaultConfigurationIsVisible = 0;
			defaultConfigurationName = Release;
		};
		260CD9071C5B5D210073DE42 /* Build configuration list for PBXNativeTarget "RuntimeDemoTests" */ = {
			isa = XCConfigurationList;
			buildConfigurations = (
				260CD9081C5B5D210073DE42 /* Debug */,
				260CD9091C5B5D210073DE42 /* Release */,
			);
			defaultConfigurationIsVisible = 0;
			defaultConfigurationName = Release;
		};
		260CD90A1C5B5D210073DE42 /* Build configuration list for PBXNativeTarget "RuntimeDemoUITests" */ = {
			isa = XCConfigurationList;
			buildConfigurations = (
				260CD90B1C5B5D210073DE42 /* Debug */,
				260CD90C1C5B5D210073DE42 /* Release */,
			);
			defaultConfigurationIsVisible = 0;
			defaultConfigurationName = Release;
		};
/* End XCConfigurationList section */
	};
	rootObject = 260CD8CF1C5B5D200073DE42 /* Project object */;
}
